
Microsoft Visual Studio Solution File, Format Version 12.00
# Visual Studio Version 17
VisualStudioVersion = 17.9.34728.123
MinimumVisualStudioVersion = 10.0.40219.1
Project("{FAE04EC0-301F-11D3-BF4B-00C04F79EFBC}") = "FlightManagment", "FlightManagment.csproj", "{0E9CCC1E-35D1-4D26-94F8-C5FB7B32AA00}"
EndProject
Project("{FAE04EC0-301F-11D3-BF4B-00C04F79EFBC}") = "Flights.Data", "..\Flights.Data\Flights.Data.csproj", "{B089F9A6-59DD-4417-882A-9C0E9DF16C0F}"
EndProject
Project("{FAE04EC0-301F-11D3-BF4B-00C04F79EFBC}") = "Flights.Core", "..\Flights.Core\Flights.Core.csproj", "{969A3DC0-4225-4141-9FA5-65ABCC3C4A76}"
EndProject
Project("{FAE04EC0-301F-11D3-BF4B-00C04F79EFBC}") = "Flights.Service", "..\Flights.Service\Flights.Service.csproj", "{CF459D0A-326A-41DA-8CE1-397089716FB0}"
EndProject
Global
	GlobalSection(SolutionConfigurationPlatforms) = preSolution
		Debug|Any CPU = Debug|Any CPU
		Release|Any CPU = Release|Any CPU
	EndGlobalSection
	GlobalSection(ProjectConfigurationPlatforms) = postSolution
		{0E9CCC1E-35D1-4D26-94F8-C5FB7B32AA00}.Debug|Any CPU.ActiveCfg = Debug|Any CPU
		{0E9CCC1E-35D1-4D26-94F8-C5FB7B32AA00}.Debug|Any CPU.Build.0 = Debug|Any CPU
		{0E9CCC1E-35D1-4D26-94F8-C5FB7B32AA00}.Release|Any CPU.ActiveCfg = Release|Any CPU
		{0E9CCC1E-35D1-4D26-94F8-C5FB7B32AA00}.Release|Any CPU.Build.0 = Release|Any CPU
		{B089F9A6-59DD-4417-882A-9C0E9DF16C0F}.Debug|Any CPU.ActiveCfg = Debug|Any CPU
		{B089F9A6-59DD-4417-882A-9C0E9DF16C0F}.Debug|Any CPU.Build.0 = Debug|Any CPU
		{B089F9A6-59DD-4417-882A-9C0E9DF16C0F}.Release|Any CPU.ActiveCfg = Release|Any CPU
		{B089F9A6-59DD-4417-882A-9C0E9DF16C0F}.Release|Any CPU.Build.0 = Release|Any CPU
		{969A3DC0-4225-4141-9FA5-65ABCC3C4A76}.Debug|Any CPU.ActiveCfg = Debug|Any CPU
		{969A3DC0-4225-4141-9FA5-65ABCC3C4A76}.Debug|Any CPU.Build.0 = Debug|Any CPU
		{969A3DC0-4225-4141-9FA5-65ABCC3C4A76}.Release|Any CPU.ActiveCfg = Release|Any CPU
		{969A3DC0-4225-4141-9FA5-65ABCC3C4A76}.Release|Any CPU.Build.0 = Release|Any CPU
		{CF459D0A-326A-41DA-8CE1-397089716FB0}.Debug|Any CPU.ActiveCfg = Debug|Any CPU
		{CF459D0A-326A-41DA-8CE1-397089716FB0}.Debug|Any CPU.Build.0 = Debug|Any CPU
		{CF459D0A-326A-41DA-8CE1-397089716FB0}.Release|Any CPU.ActiveCfg = Release|Any CPU
		{CF459D0A-326A-41DA-8CE1-397089716FB0}.Release|Any CPU.Build.0 = Release|Any CPU
	EndGlobalSection
	GlobalSection(SolutionProperties) = preSolution
		HideSolutionNode = FALSE
	EndGlobalSection
	GlobalSection(ExtensibilityGlobals) = postSolution
		SolutionGuid = {00789875-AB4D-4C68-AC9E-213345F559EF}
	EndGlobalSection
EndGlobal
